{
  "name": "SkillVortex",
  "lockfileVersion": 3,
  "requires": true,
  "packages": {
    "": {
      "dependencies": {
        "@ckeditor/ckeditor5-template": "^40.1.0"
      }
    },
    "node_modules/@ckeditor/ckeditor5-clipboard": {
      "version": "40.1.0",
      "resolved": "https://registry.npmjs.org/@ckeditor/ckeditor5-clipboard/-/ckeditor5-clipboard-40.1.0.tgz",
      "integrity": "sha512-Zk1wCJbxhFygfEE8QHFiF4IRO9Ufl5lKaYtCq31dniex4XGyQ4x9LJz6YLhMzfhWKIrfBwpUiStXQ3GxgVgP1w==",
      "dependencies": {
        "@ckeditor/ckeditor5-core": "40.1.0",
        "@ckeditor/ckeditor5-engine": "40.1.0",
        "@ckeditor/ckeditor5-ui": "40.1.0",
        "@ckeditor/ckeditor5-utils": "40.1.0",
        "@ckeditor/ckeditor5-widget": "40.1.0",
        "lodash-es": "4.17.21"
      }
    },
    "node_modules/@ckeditor/ckeditor5-core": {
      "version": "40.1.0",
      "resolved": "https://registry.npmjs.org/@ckeditor/ckeditor5-core/-/ckeditor5-core-40.1.0.tgz",
      "integrity": "sha512-VTPANdgrPvCshACLElgHF+ELLpoMvNoa/Y+dfnI5tNuX8hbALpmFm/rNzDIYGzNWBOjBq9WLWcvYLSrIgb3f8A==",
      "dependencies": {
        "@ckeditor/ckeditor5-engine": "40.1.0",
        "@ckeditor/ckeditor5-utils": "40.1.0",
        "lodash-es": "4.17.21"
      }
    },
    "node_modules/@ckeditor/ckeditor5-engine": {
      "version": "40.1.0",
      "resolved": "https://registry.npmjs.org/@ckeditor/ckeditor5-engine/-/ckeditor5-engine-40.1.0.tgz",
      "integrity": "sha512-z4UD6ncjgtpqlcCzfSaAX5uro6TNiJVuW0hUv2WH4WGt1cBWjvNZ9kkcaJAANJhDXxNDA+jgRAeRkowaxUGXIg==",
      "dependencies": {
        "@ckeditor/ckeditor5-utils": "40.1.0",
        "lodash-es": "4.17.21"
      }
    },
    "node_modules/@ckeditor/ckeditor5-enter": {
      "version": "40.1.0",
      "resolved": "https://registry.npmjs.org/@ckeditor/ckeditor5-enter/-/ckeditor5-enter-40.1.0.tgz",
      "integrity": "sha512-8X9+Lsc9pDUfmXjcZCQfEvp5YTs22x3FsOPAi8JEE/9aO2n0dB/zSNn2O8oJ1u5hf/9N8EYkyYiowI9cYEl9ww==",
      "dependencies": {
        "@ckeditor/ckeditor5-core": "40.1.0",
        "@ckeditor/ckeditor5-engine": "40.1.0",
        "@ckeditor/ckeditor5-utils": "40.1.0"
      }
    },
    "node_modules/@ckeditor/ckeditor5-paragraph": {
      "version": "40.1.0",
      "resolved": "https://registry.npmjs.org/@ckeditor/ckeditor5-paragraph/-/ckeditor5-paragraph-40.1.0.tgz",
      "integrity": "sha512-R1bGbLF4tiA4SQtDHVBqqgrmAOyA9bj0q9ssVtQpn4/dew5sffnvQIDhgc+GlIT3Z1HQT3rH4JLEJE9sOid0VA==",
      "dependencies": {
        "@ckeditor/ckeditor5-core": "40.1.0",
        "@ckeditor/ckeditor5-ui": "40.1.0",
        "@ckeditor/ckeditor5-utils": "40.1.0"
      }
    },
    "node_modules/@ckeditor/ckeditor5-select-all": {
      "version": "40.1.0",
      "resolved": "https://registry.npmjs.org/@ckeditor/ckeditor5-select-all/-/ckeditor5-select-all-40.1.0.tgz",
      "integrity": "sha512-6EA36HT9ZDFU9cInVo512lUkE6AMWKp2p7zCWTyHCtvA3vATAendxw0lgyY2EX+LIwD/gisWsyWts6OMFk/PmQ==",
      "dependencies": {
        "@ckeditor/ckeditor5-core": "40.1.0",
        "@ckeditor/ckeditor5-ui": "40.1.0",
        "@ckeditor/ckeditor5-utils": "40.1.0"
      }
    },
    "node_modules/@ckeditor/ckeditor5-template": {
      "version": "40.1.0",
      "resolved": "https://registry.npmjs.org/@ckeditor/ckeditor5-template/-/ckeditor5-template-40.1.0.tgz",
      "integrity": "sha512-hj7X3k4cwAE9BnwIBf4XdZF7QlOZNrN5kdEHUQZEnYQ6V/Q7tR+eGzhE9Mw1tDoFKnMCx7VG16SxHOlRJ1aE0A==",
      "dependencies": {
        "@ckeditor/ckeditor5-ui": "40.1.0",
        "ckeditor5": "40.1.0"
      }
    },
    "node_modules/@ckeditor/ckeditor5-typing": {
      "version": "40.1.0",
      "resolved": "https://registry.npmjs.org/@ckeditor/ckeditor5-typing/-/ckeditor5-typing-40.1.0.tgz",
      "integrity": "sha512-Ro7+vGQPqZm38n2v6r5azliZrkos+8nA1tTDgXdNgmzpr53CdLB8rX/DQRTNY+xAwujgKy9y3P+uVmV5HigqnQ==",
      "dependencies": {
        "@ckeditor/ckeditor5-core": "40.1.0",
        "@ckeditor/ckeditor5-engine": "40.1.0",
        "@ckeditor/ckeditor5-utils": "40.1.0",
        "lodash-es": "4.17.21"
      }
    },
    "node_modules/@ckeditor/ckeditor5-ui": {
      "version": "40.1.0",
      "resolved": "https://registry.npmjs.org/@ckeditor/ckeditor5-ui/-/ckeditor5-ui-40.1.0.tgz",
      "integrity": "sha512-ROq/as1YnlfwPtqqWU8u+bw8pCFbqUhOU4Xq1VuFqN4dhrecz2NIkSHU8ht+vD4YmPqXTDa8GOwaBKnCjX7pZA==",
      "dependencies": {
        "@ckeditor/ckeditor5-core": "40.1.0",
        "@ckeditor/ckeditor5-utils": "40.1.0",
        "color-convert": "2.0.1",
        "color-parse": "1.4.2",
        "lodash-es": "4.17.21",
        "vanilla-colorful": "0.7.2"
      }
    },
    "node_modules/@ckeditor/ckeditor5-undo": {
      "version": "40.1.0",
      "resolved": "https://registry.npmjs.org/@ckeditor/ckeditor5-undo/-/ckeditor5-undo-40.1.0.tgz",
      "integrity": "sha512-j07Zs4NHWSEcBHcye28InssE8S3ryMcwEWTYDr0/L3LYnBs5b1fCyGCJYchH3yLlrQTL88yX+SQKmwZE0f0wYw==",
      "dependencies": {
        "@ckeditor/ckeditor5-core": "40.1.0",
        "@ckeditor/ckeditor5-engine": "40.1.0",
        "@ckeditor/ckeditor5-ui": "40.1.0"
      }
    },
    "node_modules/@ckeditor/ckeditor5-upload": {
      "version": "40.1.0",
      "resolved": "https://registry.npmjs.org/@ckeditor/ckeditor5-upload/-/ckeditor5-upload-40.1.0.tgz",
      "integrity": "sha512-uTaP36PskRdBn2XvWTWPUm+D9xlXvzuD2OvbxLP2kAiU10c43KKPXdukf0N2ujStYcj/hwdPc6ZLt1otImazKw==",
      "dependencies": {
        "@ckeditor/ckeditor5-core": "40.1.0",
        "@ckeditor/ckeditor5-ui": "40.1.0",
        "@ckeditor/ckeditor5-utils": "40.1.0"
      }
    },
    "node_modules/@ckeditor/ckeditor5-utils": {
      "version": "40.1.0",
      "resolved": "https://registry.npmjs.org/@ckeditor/ckeditor5-utils/-/ckeditor5-utils-40.1.0.tgz",
      "integrity": "sha512-QTpgbuPbQa88AMCOlDdlgK8fPg/IpPuxSU5QDVGR1rmuZRgC7fWCN027aLsJ2t1ppLfKjA/O49dhydm6mKgO9w==",
      "dependencies": {
        "lodash-es": "4.17.21"
      }
    },
    "node_modules/@ckeditor/ckeditor5-watchdog": {
      "version": "40.1.0",
      "resolved": "https://registry.npmjs.org/@ckeditor/ckeditor5-watchdog/-/ckeditor5-watchdog-40.1.0.tgz",
      "integrity": "sha512-E8+1zC6dnDR0wQnZD88ligKY7pxBcxz953eUdijHmBcVrbECMKJ4VrORIT37LVgstDUYJhHYgxMOQ0TwO/uSKQ==",
      "dependencies": {
        "lodash-es": "4.17.21"
      }
    },
    "node_modules/@ckeditor/ckeditor5-widget": {
      "version": "40.1.0",
      "resolved": "https://registry.npmjs.org/@ckeditor/ckeditor5-widget/-/ckeditor5-widget-40.1.0.tgz",
      "integrity": "sha512-3nmDx6cQzDmuc7F0s1c967GK5cSHzsOAnBFlCkz/Om00It5wHFz2VASXA0LHo1gsma2XoO9MJtZjgUkHQUag3g==",
      "dependencies": {
        "@ckeditor/ckeditor5-core": "40.1.0",
        "@ckeditor/ckeditor5-engine": "40.1.0",
        "@ckeditor/ckeditor5-enter": "40.1.0",
        "@ckeditor/ckeditor5-typing": "40.1.0",
        "@ckeditor/ckeditor5-ui": "40.1.0",
        "@ckeditor/ckeditor5-utils": "40.1.0",
        "lodash-es": "4.17.21"
      }
    },
    "node_modules/ckeditor5": {
      "version": "40.1.0",
      "resolved": "https://registry.npmjs.org/ckeditor5/-/ckeditor5-40.1.0.tgz",
      "integrity": "sha512-AMWr8dPWowaj1EvT8pFrkDZ7FioBG96gEP85RrDQm0f8aF8ifJN9vwbX4iAxvX/uL5R90ye2as9+mflm8D+1wQ==",
      "dependencies": {
        "@ckeditor/ckeditor5-clipboard": "40.1.0",
        "@ckeditor/ckeditor5-core": "40.1.0",
        "@ckeditor/ckeditor5-engine": "40.1.0",
        "@ckeditor/ckeditor5-enter": "40.1.0",
        "@ckeditor/ckeditor5-paragraph": "40.1.0",
        "@ckeditor/ckeditor5-select-all": "40.1.0",
        "@ckeditor/ckeditor5-typing": "40.1.0",
        "@ckeditor/ckeditor5-ui": "40.1.0",
        "@ckeditor/ckeditor5-undo": "40.1.0",
        "@ckeditor/ckeditor5-upload": "40.1.0",
        "@ckeditor/ckeditor5-utils": "40.1.0",
        "@ckeditor/ckeditor5-watchdog": "40.1.0",
        "@ckeditor/ckeditor5-widget": "40.1.0"
      }
    },
    "node_modules/color-convert": {
      "version": "2.0.1",
      "resolved": "https://registry.npmjs.org/color-convert/-/color-convert-2.0.1.tgz",
      "integrity": "sha512-RRECPsj7iu/xb5oKYcsFHSppFNnsj/52OVTRKb4zP5onXwVF3zVmmToNcOfGC+CRDpfK/U584fMg38ZHCaElKQ==",
      "dependencies": {
        "color-name": "~1.1.4"
      },
      "engines": {
        "node": ">=7.0.0"
      }
    },
    "node_modules/color-name": {
      "version": "1.1.4",
      "resolved": "https://registry.npmjs.org/color-name/-/color-name-1.1.4.tgz",
      "integrity": "sha512-dOy+3AuW3a2wNbZHIuMZpTcgjGuLU/uBL/ubcZF9OXbDo8ff4O8yVp5Bf0efS8uEoYo5q4Fx7dY9OgQGXgAsQA=="
    },
    "node_modules/color-parse": {
      "version": "1.4.2",
      "resolved": "https://registry.npmjs.org/color-parse/-/color-parse-1.4.2.tgz",
      "integrity": "sha512-RI7s49/8yqDj3fECFZjUI1Yi0z/Gq1py43oNJivAIIDSyJiOZLfYCRQEgn8HEVAj++PcRe8AnL2XF0fRJ3BTnA==",
      "dependencies": {
        "color-name": "^1.0.0"
      }
    },
    "node_modules/lodash-es": {
      "version": "4.17.21",
      "resolved": "https://registry.npmjs.org/lodash-es/-/lodash-es-4.17.21.tgz",
      "integrity": "sha512-mKnC+QJ9pWVzv+C4/U3rRsHapFfHvQFoFB92e52xeyGMcX6/OlIl78je1u8vePzYZSkkogMPJ2yjxxsb89cxyw=="
    },
    "node_modules/vanilla-colorful": {
      "version": "0.7.2",
      "resolved": "https://registry.npmjs.org/vanilla-colorful/-/vanilla-colorful-0.7.2.tgz",
      "integrity": "sha512-z2YZusTFC6KnLERx1cgoIRX2CjPRP0W75N+3CC6gbvdX5Ch47rZkEMGO2Xnf+IEmi3RiFLxS18gayMA27iU7Kg=="
    }
  }
}
