{
  "name": "SkillVortex",
  "lockfileVersion": 3,
  "requires": true,
  "packages": {
    "": {
      "dependencies": {
        "@ckeditor/ckeditor5-template": "^40.1.0",
        "apexcharts": "^3.44.0"
      }
    },
    "node_modules/@ckeditor/ckeditor5-clipboard": {
      "version": "40.1.0",
      "resolved": "https://registry.npmjs.org/@ckeditor/ckeditor5-clipboard/-/ckeditor5-clipboard-40.1.0.tgz",
      "integrity": "sha512-Zk1wCJbxhFygfEE8QHFiF4IRO9Ufl5lKaYtCq31dniex4XGyQ4x9LJz6YLhMzfhWKIrfBwpUiStXQ3GxgVgP1w==",
      "dependencies": {
        "@ckeditor/ckeditor5-core": "40.1.0",
        "@ckeditor/ckeditor5-engine": "40.1.0",
        "@ckeditor/ckeditor5-ui": "40.1.0",
        "@ckeditor/ckeditor5-utils": "40.1.0",
        "@ckeditor/ckeditor5-widget": "40.1.0",
        "lodash-es": "4.17.21"
      }
    },
    "node_modules/@ckeditor/ckeditor5-core": {
      "version": "40.1.0",
      "resolved": "https://registry.npmjs.org/@ckeditor/ckeditor5-core/-/ckeditor5-core-40.1.0.tgz",
      "integrity": "sha512-VTPANdgrPvCshACLElgHF+ELLpoMvNoa/Y+dfnI5tNuX8hbALpmFm/rNzDIYGzNWBOjBq9WLWcvYLSrIgb3f8A==",
      "dependencies": {
        "@ckeditor/ckeditor5-engine": "40.1.0",
        "@ckeditor/ckeditor5-utils": "40.1.0",
        "lodash-es": "4.17.21"
      }
    },
    "node_modules/@ckeditor/ckeditor5-engine": {
      "version": "40.1.0",
      "resolved": "https://registry.npmjs.org/@ckeditor/ckeditor5-engine/-/ckeditor5-engine-40.1.0.tgz",
      "integrity": "sha512-z4UD6ncjgtpqlcCzfSaAX5uro6TNiJVuW0hUv2WH4WGt1cBWjvNZ9kkcaJAANJhDXxNDA+jgRAeRkowaxUGXIg==",
      "dependencies": {
        "@ckeditor/ckeditor5-utils": "40.1.0",
        "lodash-es": "4.17.21"
      }
    },
    "node_modules/@ckeditor/ckeditor5-enter": {
      "version": "40.1.0",
      "resolved": "https://registry.npmjs.org/@ckeditor/ckeditor5-enter/-/ckeditor5-enter-40.1.0.tgz",
      "integrity": "sha512-8X9+Lsc9pDUfmXjcZCQfEvp5YTs22x3FsOPAi8JEE/9aO2n0dB/zSNn2O8oJ1u5hf/9N8EYkyYiowI9cYEl9ww==",
      "dependencies": {
        "@ckeditor/ckeditor5-core": "40.1.0",
        "@ckeditor/ckeditor5-engine": "40.1.0",
        "@ckeditor/ckeditor5-utils": "40.1.0"
      }
    },
    "node_modules/@ckeditor/ckeditor5-paragraph": {
      "version": "40.1.0",
      "resolved": "https://registry.npmjs.org/@ckeditor/ckeditor5-paragraph/-/ckeditor5-paragraph-40.1.0.tgz",
      "integrity": "sha512-R1bGbLF4tiA4SQtDHVBqqgrmAOyA9bj0q9ssVtQpn4/dew5sffnvQIDhgc+GlIT3Z1HQT3rH4JLEJE9sOid0VA==",
      "dependencies": {
        "@ckeditor/ckeditor5-core": "40.1.0",
        "@ckeditor/ckeditor5-ui": "40.1.0",
        "@ckeditor/ckeditor5-utils": "40.1.0"
      }
    },
    "node_modules/@ckeditor/ckeditor5-select-all": {
      "version": "40.1.0",
      "resolved": "https://registry.npmjs.org/@ckeditor/ckeditor5-select-all/-/ckeditor5-select-all-40.1.0.tgz",
      "integrity": "sha512-6EA36HT9ZDFU9cInVo512lUkE6AMWKp2p7zCWTyHCtvA3vATAendxw0lgyY2EX+LIwD/gisWsyWts6OMFk/PmQ==",
      "dependencies": {
        "@ckeditor/ckeditor5-core": "40.1.0",
        "@ckeditor/ckeditor5-ui": "40.1.0",
        "@ckeditor/ckeditor5-utils": "40.1.0"
      }
    },
    "node_modules/@ckeditor/ckeditor5-template": {
      "version": "40.1.0",
      "resolved": "https://registry.npmjs.org/@ckeditor/ckeditor5-template/-/ckeditor5-template-40.1.0.tgz",
      "integrity": "sha512-hj7X3k4cwAE9BnwIBf4XdZF7QlOZNrN5kdEHUQZEnYQ6V/Q7tR+eGzhE9Mw1tDoFKnMCx7VG16SxHOlRJ1aE0A==",
      "dependencies": {
        "@ckeditor/ckeditor5-ui": "40.1.0",
        "ckeditor5": "40.1.0"
      }
    },
    "node_modules/@ckeditor/ckeditor5-typing": {
      "version": "40.1.0",
      "resolved": "https://registry.npmjs.org/@ckeditor/ckeditor5-typing/-/ckeditor5-typing-40.1.0.tgz",
      "integrity": "sha512-Ro7+vGQPqZm38n2v6r5azliZrkos+8nA1tTDgXdNgmzpr53CdLB8rX/DQRTNY+xAwujgKy9y3P+uVmV5HigqnQ==",
      "dependencies": {
        "@ckeditor/ckeditor5-core": "40.1.0",
        "@ckeditor/ckeditor5-engine": "40.1.0",
        "@ckeditor/ckeditor5-utils": "40.1.0",
        "lodash-es": "4.17.21"
      }
    },
    "node_modules/@ckeditor/ckeditor5-ui": {
      "version": "40.1.0",
      "resolved": "https://registry.npmjs.org/@ckeditor/ckeditor5-ui/-/ckeditor5-ui-40.1.0.tgz",
      "integrity": "sha512-ROq/as1YnlfwPtqqWU8u+bw8pCFbqUhOU4Xq1VuFqN4dhrecz2NIkSHU8ht+vD4YmPqXTDa8GOwaBKnCjX7pZA==",
      "dependencies": {
        "@ckeditor/ckeditor5-core": "40.1.0",
        "@ckeditor/ckeditor5-utils": "40.1.0",
        "color-convert": "2.0.1",
        "color-parse": "1.4.2",
        "lodash-es": "4.17.21",
        "vanilla-colorful": "0.7.2"
      }
    },
    "node_modules/@ckeditor/ckeditor5-undo": {
      "version": "40.1.0",
      "resolved": "https://registry.npmjs.org/@ckeditor/ckeditor5-undo/-/ckeditor5-undo-40.1.0.tgz",
      "integrity": "sha512-j07Zs4NHWSEcBHcye28InssE8S3ryMcwEWTYDr0/L3LYnBs5b1fCyGCJYchH3yLlrQTL88yX+SQKmwZE0f0wYw==",
      "dependencies": {
        "@ckeditor/ckeditor5-core": "40.1.0",
        "@ckeditor/ckeditor5-engine": "40.1.0",
        "@ckeditor/ckeditor5-ui": "40.1.0"
      }
    },
    "node_modules/@ckeditor/ckeditor5-upload": {
      "version": "40.1.0",
      "resolved": "https://registry.npmjs.org/@ckeditor/ckeditor5-upload/-/ckeditor5-upload-40.1.0.tgz",
      "integrity": "sha512-uTaP36PskRdBn2XvWTWPUm+D9xlXvzuD2OvbxLP2kAiU10c43KKPXdukf0N2ujStYcj/hwdPc6ZLt1otImazKw==",
      "dependencies": {
        "@ckeditor/ckeditor5-core": "40.1.0",
        "@ckeditor/ckeditor5-ui": "40.1.0",
        "@ckeditor/ckeditor5-utils": "40.1.0"
      }
    },
    "node_modules/@ckeditor/ckeditor5-utils": {
      "version": "40.1.0",
      "resolved": "https://registry.npmjs.org/@ckeditor/ckeditor5-utils/-/ckeditor5-utils-40.1.0.tgz",
      "integrity": "sha512-QTpgbuPbQa88AMCOlDdlgK8fPg/IpPuxSU5QDVGR1rmuZRgC7fWCN027aLsJ2t1ppLfKjA/O49dhydm6mKgO9w==",
      "dependencies": {
        "lodash-es": "4.17.21"
      }
    },
    "node_modules/@ckeditor/ckeditor5-watchdog": {
      "version": "40.1.0",
      "resolved": "https://registry.npmjs.org/@ckeditor/ckeditor5-watchdog/-/ckeditor5-watchdog-40.1.0.tgz",
      "integrity": "sha512-E8+1zC6dnDR0wQnZD88ligKY7pxBcxz953eUdijHmBcVrbECMKJ4VrORIT37LVgstDUYJhHYgxMOQ0TwO/uSKQ==",
      "dependencies": {
        "lodash-es": "4.17.21"
      }
    },
    "node_modules/@ckeditor/ckeditor5-widget": {
      "version": "40.1.0",
      "resolved": "https://registry.npmjs.org/@ckeditor/ckeditor5-widget/-/ckeditor5-widget-40.1.0.tgz",
      "integrity": "sha512-3nmDx6cQzDmuc7F0s1c967GK5cSHzsOAnBFlCkz/Om00It5wHFz2VASXA0LHo1gsma2XoO9MJtZjgUkHQUag3g==",
      "dependencies": {
        "@ckeditor/ckeditor5-core": "40.1.0",
        "@ckeditor/ckeditor5-engine": "40.1.0",
        "@ckeditor/ckeditor5-enter": "40.1.0",
        "@ckeditor/ckeditor5-typing": "40.1.0",
        "@ckeditor/ckeditor5-ui": "40.1.0",
        "@ckeditor/ckeditor5-utils": "40.1.0",
        "lodash-es": "4.17.21"
      }
    },
    "node_modules/@yr/monotone-cubic-spline": {
      "version": "1.0.3",
      "resolved": "https://registry.npmjs.org/@yr/monotone-cubic-spline/-/monotone-cubic-spline-1.0.3.tgz",
      "integrity": "sha512-FQXkOta0XBSUPHndIKON2Y9JeQz5ZeMqLYZVVK93FliNBFm7LNMIZmY6FrMEB9XPcDbE2bekMbZD6kzDkxwYjA=="
    },
    "node_modules/apexcharts": {
      "version": "3.44.0",
      "resolved": "https://registry.npmjs.org/apexcharts/-/apexcharts-3.44.0.tgz",
      "integrity": "sha512-u7Xzrbcxc2yWznN78Jh5NMCYVAsWDfBjRl5ea++rVzFAqjU2hLz4RgKIFwYOBDRQtW1e/Qz8azJTqIJ1+Vu9Qg==",
      "dependencies": {
        "@yr/monotone-cubic-spline": "^1.0.3",
        "svg.draggable.js": "^2.2.2",
        "svg.easing.js": "^2.0.0",
        "svg.filter.js": "^2.0.2",
        "svg.pathmorphing.js": "^0.1.3",
        "svg.resize.js": "^1.4.3",
        "svg.select.js": "^3.0.1"
      }
    },
    "node_modules/ckeditor5": {
      "version": "40.1.0",
      "resolved": "https://registry.npmjs.org/ckeditor5/-/ckeditor5-40.1.0.tgz",
      "integrity": "sha512-AMWr8dPWowaj1EvT8pFrkDZ7FioBG96gEP85RrDQm0f8aF8ifJN9vwbX4iAxvX/uL5R90ye2as9+mflm8D+1wQ==",
      "dependencies": {
        "@ckeditor/ckeditor5-clipboard": "40.1.0",
        "@ckeditor/ckeditor5-core": "40.1.0",
        "@ckeditor/ckeditor5-engine": "40.1.0",
        "@ckeditor/ckeditor5-enter": "40.1.0",
        "@ckeditor/ckeditor5-paragraph": "40.1.0",
        "@ckeditor/ckeditor5-select-all": "40.1.0",
        "@ckeditor/ckeditor5-typing": "40.1.0",
        "@ckeditor/ckeditor5-ui": "40.1.0",
        "@ckeditor/ckeditor5-undo": "40.1.0",
        "@ckeditor/ckeditor5-upload": "40.1.0",
        "@ckeditor/ckeditor5-utils": "40.1.0",
        "@ckeditor/ckeditor5-watchdog": "40.1.0",
        "@ckeditor/ckeditor5-widget": "40.1.0"
      }
    },
    "node_modules/color-convert": {
      "version": "2.0.1",
      "resolved": "https://registry.npmjs.org/color-convert/-/color-convert-2.0.1.tgz",
      "integrity": "sha512-RRECPsj7iu/xb5oKYcsFHSppFNnsj/52OVTRKb4zP5onXwVF3zVmmToNcOfGC+CRDpfK/U584fMg38ZHCaElKQ==",
      "dependencies": {
        "color-name": "~1.1.4"
      },
      "engines": {
        "node": ">=7.0.0"
      }
    },
    "node_modules/color-name": {
      "version": "1.1.4",
      "resolved": "https://registry.npmjs.org/color-name/-/color-name-1.1.4.tgz",
      "integrity": "sha512-dOy+3AuW3a2wNbZHIuMZpTcgjGuLU/uBL/ubcZF9OXbDo8ff4O8yVp5Bf0efS8uEoYo5q4Fx7dY9OgQGXgAsQA=="
    },
    "node_modules/color-parse": {
      "version": "1.4.2",
      "resolved": "https://registry.npmjs.org/color-parse/-/color-parse-1.4.2.tgz",
      "integrity": "sha512-RI7s49/8yqDj3fECFZjUI1Yi0z/Gq1py43oNJivAIIDSyJiOZLfYCRQEgn8HEVAj++PcRe8AnL2XF0fRJ3BTnA==",
      "dependencies": {
        "color-name": "^1.0.0"
      }
    },
    "node_modules/lodash-es": {
      "version": "4.17.21",
      "resolved": "https://registry.npmjs.org/lodash-es/-/lodash-es-4.17.21.tgz",
      "integrity": "sha512-mKnC+QJ9pWVzv+C4/U3rRsHapFfHvQFoFB92e52xeyGMcX6/OlIl78je1u8vePzYZSkkogMPJ2yjxxsb89cxyw=="
    },
    "node_modules/svg.draggable.js": {
      "version": "2.2.2",
      "resolved": "https://registry.npmjs.org/svg.draggable.js/-/svg.draggable.js-2.2.2.tgz",
      "integrity": "sha512-JzNHBc2fLQMzYCZ90KZHN2ohXL0BQJGQimK1kGk6AvSeibuKcIdDX9Kr0dT9+UJ5O8nYA0RB839Lhvk4CY4MZw==",
      "dependencies": {
        "svg.js": "^2.0.1"
      },
      "engines": {
        "node": ">= 0.8.0"
      }
    },
    "node_modules/svg.easing.js": {
      "version": "2.0.0",
      "resolved": "https://registry.npmjs.org/svg.easing.js/-/svg.easing.js-2.0.0.tgz",
      "integrity": "sha512-//ctPdJMGy22YoYGV+3HEfHbm6/69LJUTAqI2/5qBvaNHZ9uUFVC82B0Pl299HzgH13rKrBgi4+XyXXyVWWthA==",
      "dependencies": {
        "svg.js": ">=2.3.x"
      },
      "engines": {
        "node": ">= 0.8.0"
      }
    },
    "node_modules/svg.filter.js": {
      "version": "2.0.2",
      "resolved": "https://registry.npmjs.org/svg.filter.js/-/svg.filter.js-2.0.2.tgz",
      "integrity": "sha512-xkGBwU+dKBzqg5PtilaTb0EYPqPfJ9Q6saVldX+5vCRy31P6TlRCP3U9NxH3HEufkKkpNgdTLBJnmhDHeTqAkw==",
      "dependencies": {
        "svg.js": "^2.2.5"
      },
      "engines": {
        "node": ">= 0.8.0"
      }
    },
    "node_modules/svg.js": {
      "version": "2.7.1",
      "resolved": "https://registry.npmjs.org/svg.js/-/svg.js-2.7.1.tgz",
      "integrity": "sha512-ycbxpizEQktk3FYvn/8BH+6/EuWXg7ZpQREJvgacqn46gIddG24tNNe4Son6omdXCnSOaApnpZw6MPCBA1dODA=="
    },
    "node_modules/svg.pathmorphing.js": {
      "version": "0.1.3",
      "resolved": "https://registry.npmjs.org/svg.pathmorphing.js/-/svg.pathmorphing.js-0.1.3.tgz",
      "integrity": "sha512-49HWI9X4XQR/JG1qXkSDV8xViuTLIWm/B/7YuQELV5KMOPtXjiwH4XPJvr/ghEDibmLQ9Oc22dpWpG0vUDDNww==",
      "dependencies": {
        "svg.js": "^2.4.0"
      },
      "engines": {
        "node": ">= 0.8.0"
      }
    },
    "node_modules/svg.resize.js": {
      "version": "1.4.3",
      "resolved": "https://registry.npmjs.org/svg.resize.js/-/svg.resize.js-1.4.3.tgz",
      "integrity": "sha512-9k5sXJuPKp+mVzXNvxz7U0uC9oVMQrrf7cFsETznzUDDm0x8+77dtZkWdMfRlmbkEEYvUn9btKuZ3n41oNA+uw==",
      "dependencies": {
        "svg.js": "^2.6.5",
        "svg.select.js": "^2.1.2"
      },
      "engines": {
        "node": ">= 0.8.0"
      }
    },
    "node_modules/svg.resize.js/node_modules/svg.select.js": {
      "version": "2.1.2",
      "resolved": "https://registry.npmjs.org/svg.select.js/-/svg.select.js-2.1.2.tgz",
      "integrity": "sha512-tH6ABEyJsAOVAhwcCjF8mw4crjXSI1aa7j2VQR8ZuJ37H2MBUbyeqYr5nEO7sSN3cy9AR9DUwNg0t/962HlDbQ==",
      "dependencies": {
        "svg.js": "^2.2.5"
      },
      "engines": {
        "node": ">= 0.8.0"
      }
    },
    "node_modules/svg.select.js": {
      "version": "3.0.1",
      "resolved": "https://registry.npmjs.org/svg.select.js/-/svg.select.js-3.0.1.tgz",
      "integrity": "sha512-h5IS/hKkuVCbKSieR9uQCj9w+zLHoPh+ce19bBYyqF53g6mnPB8sAtIbe1s9dh2S2fCmYX2xel1Ln3PJBbK4kw==",
      "dependencies": {
        "svg.js": "^2.6.5"
      },
      "engines": {
        "node": ">= 0.8.0"
      }
    },
    "node_modules/vanilla-colorful": {
      "version": "0.7.2",
      "resolved": "https://registry.npmjs.org/vanilla-colorful/-/vanilla-colorful-0.7.2.tgz",
      "integrity": "sha512-z2YZusTFC6KnLERx1cgoIRX2CjPRP0W75N+3CC6gbvdX5Ch47rZkEMGO2Xnf+IEmi3RiFLxS18gayMA27iU7Kg=="
    }
  }
}
